
Microsoft Visual Studio Solution File, Format Version 12.00
# Visual Studio Version 17
VisualStudioVersion = 17.8.34316.72
MinimumVisualStudioVersion = 10.0.40219.1
Project("{9A19103F-16F7-4668-BE54-9A1E7A4F7556}") = "MessageBrokers.Api", "src\Api\MessageBrokers.Api.csproj", "{A15A1F90-5911-4B38-8B97-049EFF3E961E}"
EndProject
Project("{9A19103F-16F7-4668-BE54-9A1E7A4F7556}") = "MessageBroker.Sqs", "src\Core\MessageBroker.Sqs.csproj", "{23432592-FAB1-404E-AB75-5498D50C4078}"
EndProject
Global
	GlobalSection(SolutionConfigurationPlatforms) = preSolution
		Debug|Any CPU = Debug|Any CPU
		Release|Any CPU = Release|Any CPU
	EndGlobalSection
	GlobalSection(ProjectConfigurationPlatforms) = postSolution
		{A15A1F90-5911-4B38-8B97-049EFF3E961E}.Debug|Any CPU.ActiveCfg = Debug|Any CPU
		{A15A1F90-5911-4B38-8B97-049EFF3E961E}.Debug|Any CPU.Build.0 = Debug|Any CPU
		{A15A1F90-5911-4B38-8B97-049EFF3E961E}.Release|Any CPU.ActiveCfg = Release|Any CPU
		{A15A1F90-5911-4B38-8B97-049EFF3E961E}.Release|Any CPU.Build.0 = Release|Any CPU
		{23432592-FAB1-404E-AB75-5498D50C4078}.Debug|Any CPU.ActiveCfg = Debug|Any CPU
		{23432592-FAB1-404E-AB75-5498D50C4078}.Debug|Any CPU.Build.0 = Debug|Any CPU
		{23432592-FAB1-404E-AB75-5498D50C4078}.Release|Any CPU.ActiveCfg = Release|Any CPU
		{23432592-FAB1-404E-AB75-5498D50C4078}.Release|Any CPU.Build.0 = Release|Any CPU
	EndGlobalSection
	GlobalSection(SolutionProperties) = preSolution
		HideSolutionNode = FALSE
	EndGlobalSection
	GlobalSection(ExtensibilityGlobals) = postSolution
		SolutionGuid = {148A4C39-8FD0-46D9-B214-A96A7F1A8A2E}
	EndGlobalSection
EndGlobal
